
Microsoft Visual Studio Solution File, Format Version 12.00
# Visual Studio Version 17
VisualStudioVersion = 17.7.34221.43
MinimumVisualStudioVersion = 10.0.40219.1
Project("{FAE04EC0-301F-11D3-BF4B-00C04F79EFBC}") = "Lab3", "Lab3\Lab3.csproj", "{C95C0C69-0BF6-4C6B-B50B-FC45F8041870}"
EndProject
Global
	GlobalSection(SolutionConfigurationPlatforms) = preSolution
		Debug|Any CPU = Debug|Any CPU
		Release|Any CPU = Release|Any CPU
	EndGlobalSection
	GlobalSection(ProjectConfigurationPlatforms) = postSolution
		{C95C0C69-0BF6-4C6B-B50B-FC45F8041870}.Debug|Any CPU.ActiveCfg = Debug|Any CPU
		{C95C0C69-0BF6-4C6B-B50B-FC45F8041870}.Debug|Any CPU.Build.0 = Debug|Any CPU
		{C95C0C69-0BF6-4C6B-B50B-FC45F8041870}.Release|Any CPU.ActiveCfg = Release|Any CPU
		{C95C0C69-0BF6-4C6B-B50B-FC45F8041870}.Release|Any CPU.Build.0 = Release|Any CPU
	EndGlobalSection
	GlobalSection(SolutionProperties) = preSolution
		HideSolutionNode = FALSE
	EndGlobalSection
	GlobalSection(ExtensibilityGlobals) = postSolution
		SolutionGuid = {BC52A784-0093-40AE-97B1-8A5CBA30DD0A}
	EndGlobalSection
EndGlobal
